
Microsoft Visual Studio Solution File, Format Version 12.00
# Visual Studio Version 17
VisualStudioVersion = 17.4.33122.133
MinimumVisualStudioVersion = 10.0.40219.1
Project("{FAE04EC0-301F-11D3-BF4B-00C04F79EFBC}") = "27_12", "27_12\27_12.csproj", "{35050C9C-C195-4C88-9A3F-3383829041EC}"
EndProject
Global
	GlobalSection(SolutionConfigurationPlatforms) = preSolution
		Debug|Any CPU = Debug|Any CPU
		Release|Any CPU = Release|Any CPU
	EndGlobalSection
	GlobalSection(ProjectConfigurationPlatforms) = postSolution
		{35050C9C-C195-4C88-9A3F-3383829041EC}.Debug|Any CPU.ActiveCfg = Debug|Any CPU
		{35050C9C-C195-4C88-9A3F-3383829041EC}.Debug|Any CPU.Build.0 = Debug|Any CPU
		{35050C9C-C195-4C88-9A3F-3383829041EC}.Release|Any CPU.ActiveCfg = Release|Any CPU
		{35050C9C-C195-4C88-9A3F-3383829041EC}.Release|Any CPU.Build.0 = Release|Any CPU
	EndGlobalSection
	GlobalSection(SolutionProperties) = preSolution
		HideSolutionNode = FALSE
	EndGlobalSection
	GlobalSection(ExtensibilityGlobals) = postSolution
		SolutionGuid = {F55616F6-325F-4E0B-A890-0ACE7B1D3CEF}
	EndGlobalSection
EndGlobal
